// !$*UTF8*$!
{
	archiveVersion = 1;
	classes = {
	};
	objectVersion = 56;
	objects = {

/* Begin PBXBuildFile section */
		80C3C4802CA3ED40004A1D63 /* HPTriviaApp.swift in Sources */ = {isa = PBXBuildFile; fileRef = 80C3C47F2CA3ED40004A1D63 /* HPTriviaApp.swift */; };
		80C3C4822CA3ED40004A1D63 /* ContentView.swift in Sources */ = {isa = PBXBuildFile; fileRef = 80C3C4812CA3ED40004A1D63 /* ContentView.swift */; };
		80C3C4842CA3ED41004A1D63 /* Assets.xcassets in Resources */ = {isa = PBXBuildFile; fileRef = 80C3C4832CA3ED41004A1D63 /* Assets.xcassets */; };
		80C3C4872CA3ED41004A1D63 /* Preview Assets.xcassets in Resources */ = {isa = PBXBuildFile; fileRef = 80C3C4862CA3ED41004A1D63 /* Preview Assets.xcassets */; };
		80C3C4952CA3ED50004A1D63 /* spellcraft.mp3 in Resources */ = {isa = PBXBuildFile; fileRef = 80C3C48D2CA3ED4F004A1D63 /* spellcraft.mp3 */; };
		80C3C4962CA3ED50004A1D63 /* deep-in-the-dell.mp3 in Resources */ = {isa = PBXBuildFile; fileRef = 80C3C48E2CA3ED50004A1D63 /* deep-in-the-dell.mp3 */; };
		80C3C4972CA3ED50004A1D63 /* magic-in-the-air.mp3 in Resources */ = {isa = PBXBuildFile; fileRef = 80C3C48F2CA3ED50004A1D63 /* magic-in-the-air.mp3 */; };
		80C3C4982CA3ED50004A1D63 /* negative-beeps.mp3 in Resources */ = {isa = PBXBuildFile; fileRef = 80C3C4902CA3ED50004A1D63 /* negative-beeps.mp3 */; };
		80C3C4992CA3ED50004A1D63 /* page-flip.mp3 in Resources */ = {isa = PBXBuildFile; fileRef = 80C3C4912CA3ED50004A1D63 /* page-flip.mp3 */; };
		80C3C49A2CA3ED50004A1D63 /* magic-wand.mp3 in Resources */ = {isa = PBXBuildFile; fileRef = 80C3C4922CA3ED50004A1D63 /* magic-wand.mp3 */; };
		80C3C49B2CA3ED50004A1D63 /* let-the-mystery-unfold.mp3 in Resources */ = {isa = PBXBuildFile; fileRef = 80C3C4932CA3ED50004A1D63 /* let-the-mystery-unfold.mp3 */; };
		80C3C49C2CA3ED50004A1D63 /* hiding-place-in-the-forest.mp3 in Resources */ = {isa = PBXBuildFile; fileRef = 80C3C4942CA3ED50004A1D63 /* hiding-place-in-the-forest.mp3 */; };
		80C3C49E2CA3ED68004A1D63 /* trivia.json in Resources */ = {isa = PBXBuildFile; fileRef = 80C3C49D2CA3ED68004A1D63 /* trivia.json */; };
		80C3C4A02CA3F22E004A1D63 /* Constants.swift in Sources */ = {isa = PBXBuildFile; fileRef = 80C3C49F2CA3F22E004A1D63 /* Constants.swift */; };
		80C3C4A22CA3FF01004A1D63 /* Insructions.swift in Sources */ = {isa = PBXBuildFile; fileRef = 80C3C4A12CA3FF01004A1D63 /* Insructions.swift */; };
		80C3C4A42CA4033C004A1D63 /* Settings.swift in Sources */ = {isa = PBXBuildFile; fileRef = 80C3C4A32CA4033C004A1D63 /* Settings.swift */; };
		80C3C4A62CA420FD004A1D63 /* GamePlay.swift in Sources */ = {isa = PBXBuildFile; fileRef = 80C3C4A52CA420FD004A1D63 /* GamePlay.swift */; };
		80C3C4AD2CA454BD004A1D63 /* Store.swift in Sources */ = {isa = PBXBuildFile; fileRef = 80C3C4AC2CA454BD004A1D63 /* Store.swift */; };
		80C3C4B12CA57E1F004A1D63 /* Question.swift in Sources */ = {isa = PBXBuildFile; fileRef = 80C3C4B02CA57E1F004A1D63 /* Question.swift */; };
		80C3C4B32CA58447004A1D63 /* Game.swift in Sources */ = {isa = PBXBuildFile; fileRef = 80C3C4B22CA58447004A1D63 /* Game.swift */; };
/* End PBXBuildFile section */

/* Begin PBXFileReference section */
		80C3C47C2CA3ED40004A1D63 /* HPTrivia.app */ = {isa = PBXFileReference; explicitFileType = wrapper.application; includeInIndex = 0; path = HPTrivia.app; sourceTree = BUILT_PRODUCTS_DIR; };
		80C3C47F2CA3ED40004A1D63 /* HPTriviaApp.swift */ = {isa = PBXFileReference; lastKnownFileType = sourcecode.swift; path = HPTriviaApp.swift; sourceTree = "<group>"; };
		80C3C4812CA3ED40004A1D63 /* ContentView.swift */ = {isa = PBXFileReference; lastKnownFileType = sourcecode.swift; path = ContentView.swift; sourceTree = "<group>"; };
		80C3C4832CA3ED41004A1D63 /* Assets.xcassets */ = {isa = PBXFileReference; lastKnownFileType = folder.assetcatalog; path = Assets.xcassets; sourceTree = "<group>"; };
		80C3C4862CA3ED41004A1D63 /* Preview Assets.xcassets */ = {isa = PBXFileReference; lastKnownFileType = folder.assetcatalog; path = "Preview Assets.xcassets"; sourceTree = "<group>"; };
		80C3C48D2CA3ED4F004A1D63 /* spellcraft.mp3 */ = {isa = PBXFileReference; lastKnownFileType = audio.mp3; path = spellcraft.mp3; sourceTree = "<group>"; };
		80C3C48E2CA3ED50004A1D63 /* deep-in-the-dell.mp3 */ = {isa = PBXFileReference; lastKnownFileType = audio.mp3; path = "deep-in-the-dell.mp3"; sourceTree = "<group>"; };
		80C3C48F2CA3ED50004A1D63 /* magic-in-the-air.mp3 */ = {isa = PBXFileReference; lastKnownFileType = audio.mp3; path = "magic-in-the-air.mp3"; sourceTree = "<group>"; };
		80C3C4902CA3ED50004A1D63 /* negative-beeps.mp3 */ = {isa = PBXFileReference; lastKnownFileType = audio.mp3; path = "negative-beeps.mp3"; sourceTree = "<group>"; };
		80C3C4912CA3ED50004A1D63 /* page-flip.mp3 */ = {isa = PBXFileReference; lastKnownFileType = audio.mp3; path = "page-flip.mp3"; sourceTree = "<group>"; };
		80C3C4922CA3ED50004A1D63 /* magic-wand.mp3 */ = {isa = PBXFileReference; lastKnownFileType = audio.mp3; path = "magic-wand.mp3"; sourceTree = "<group>"; };
		80C3C4932CA3ED50004A1D63 /* let-the-mystery-unfold.mp3 */ = {isa = PBXFileReference; lastKnownFileType = audio.mp3; path = "let-the-mystery-unfold.mp3"; sourceTree = "<group>"; };
		80C3C4942CA3ED50004A1D63 /* hiding-place-in-the-forest.mp3 */ = {isa = PBXFileReference; lastKnownFileType = audio.mp3; path = "hiding-place-in-the-forest.mp3"; sourceTree = "<group>"; };
		80C3C49D2CA3ED68004A1D63 /* trivia.json */ = {isa = PBXFileReference; fileEncoding = 4; lastKnownFileType = text.json; path = trivia.json; sourceTree = "<group>"; };
		80C3C49F2CA3F22E004A1D63 /* Constants.swift */ = {isa = PBXFileReference; lastKnownFileType = sourcecode.swift; path = Constants.swift; sourceTree = "<group>"; };
		80C3C4A12CA3FF01004A1D63 /* Insructions.swift */ = {isa = PBXFileReference; lastKnownFileType = sourcecode.swift; path = Insructions.swift; sourceTree = "<group>"; };
		80C3C4A32CA4033C004A1D63 /* Settings.swift */ = {isa = PBXFileReference; lastKnownFileType = sourcecode.swift; path = Settings.swift; sourceTree = "<group>"; };
		80C3C4A52CA420FD004A1D63 /* GamePlay.swift */ = {isa = PBXFileReference; lastKnownFileType = sourcecode.swift; path = GamePlay.swift; sourceTree = "<group>"; };
		80C3C4AC2CA454BD004A1D63 /* Store.swift */ = {isa = PBXFileReference; lastKnownFileType = sourcecode.swift; path = Store.swift; sourceTree = "<group>"; };
		80C3C4AE2CA47189004A1D63 /* HPConfig.storekit */ = {isa = PBXFileReference; lastKnownFileType = text; path = HPConfig.storekit; sourceTree = "<group>"; };
		80C3C4B02CA57E1F004A1D63 /* Question.swift */ = {isa = PBXFileReference; lastKnownFileType = sourcecode.swift; path = Question.swift; sourceTree = "<group>"; };
		80C3C4B22CA58447004A1D63 /* Game.swift */ = {isa = PBXFileReference; lastKnownFileType = sourcecode.swift; path = Game.swift; sourceTree = "<group>"; };
/* End PBXFileReference section */

/* Begin PBXFrameworksBuildPhase section */
		80C3C4792CA3ED40004A1D63 /* Frameworks */ = {
			isa = PBXFrameworksBuildPhase;
			buildActionMask = 2147483647;
			files = (
			);
			runOnlyForDeploymentPostprocessing = 0;
		};
/* End PBXFrameworksBuildPhase section */

/* Begin PBXGroup section */
		80C3C4732CA3ED40004A1D63 = {
			isa = PBXGroup;
			children = (
				80C3C47E2CA3ED40004A1D63 /* HPTrivia */,
				80C3C47D2CA3ED40004A1D63 /* Products */,
			);
			sourceTree = "<group>";
		};
		80C3C47D2CA3ED40004A1D63 /* Products */ = {
			isa = PBXGroup;
			children = (
				80C3C47C2CA3ED40004A1D63 /* HPTrivia.app */,
			);
			name = Products;
			sourceTree = "<group>";
		};
		80C3C47E2CA3ED40004A1D63 /* HPTrivia */ = {
			isa = PBXGroup;
			children = (
				80C3C47F2CA3ED40004A1D63 /* HPTriviaApp.swift */,
				80C3C4812CA3ED40004A1D63 /* ContentView.swift */,
				80C3C4A52CA420FD004A1D63 /* GamePlay.swift */,
				80C3C4A32CA4033C004A1D63 /* Settings.swift */,
				80C3C4A12CA3FF01004A1D63 /* Insructions.swift */,
				80C3C4AC2CA454BD004A1D63 /* Store.swift */,
				80C3C4B22CA58447004A1D63 /* Game.swift */,
				80C3C4AF2CA57DEB004A1D63 /* Networking */,
				80C3C4AE2CA47189004A1D63 /* HPConfig.storekit */,
				80C3C4A92CA42124004A1D63 /* Constansts */,
				80C3C4AA2CA42134004A1D63 /* Resources */,
				80C3C4832CA3ED41004A1D63 /* Assets.xcassets */,
				80C3C4852CA3ED41004A1D63 /* Preview Content */,
			);
			path = HPTrivia;
			sourceTree = "<group>";
		};
		80C3C4852CA3ED41004A1D63 /* Preview Content */ = {
			isa = PBXGroup;
			children = (
				80C3C4862CA3ED41004A1D63 /* Preview Assets.xcassets */,
			);
			path = "Preview Content";
			sourceTree = "<group>";
		};
		80C3C4A92CA42124004A1D63 /* Constansts */ = {
			isa = PBXGroup;
			children = (
				80C3C49F2CA3F22E004A1D63 /* Constants.swift */,
			);
			path = Constansts;
			sourceTree = "<group>";
		};
		80C3C4AA2CA42134004A1D63 /* Resources */ = {
			isa = PBXGroup;
			children = (
				80C3C49D2CA3ED68004A1D63 /* trivia.json */,
				80C3C48E2CA3ED50004A1D63 /* deep-in-the-dell.mp3 */,
				80C3C4942CA3ED50004A1D63 /* hiding-place-in-the-forest.mp3 */,
				80C3C4932CA3ED50004A1D63 /* let-the-mystery-unfold.mp3 */,
				80C3C48F2CA3ED50004A1D63 /* magic-in-the-air.mp3 */,
				80C3C4922CA3ED50004A1D63 /* magic-wand.mp3 */,
				80C3C4902CA3ED50004A1D63 /* negative-beeps.mp3 */,
				80C3C4912CA3ED50004A1D63 /* page-flip.mp3 */,
				80C3C48D2CA3ED4F004A1D63 /* spellcraft.mp3 */,
			);
			path = Resources;
			sourceTree = "<group>";
		};
		80C3C4AF2CA57DEB004A1D63 /* Networking */ = {
			isa = PBXGroup;
			children = (
				80C3C4B02CA57E1F004A1D63 /* Question.swift */,
			);
			path = Networking;
			sourceTree = "<group>";
		};
/* End PBXGroup section */

/* Begin PBXNativeTarget section */
		80C3C47B2CA3ED40004A1D63 /* HPTrivia */ = {
			isa = PBXNativeTarget;
			buildConfigurationList = 80C3C48A2CA3ED41004A1D63 /* Build configuration list for PBXNativeTarget "HPTrivia" */;
			buildPhases = (
				80C3C4782CA3ED40004A1D63 /* Sources */,
				80C3C4792CA3ED40004A1D63 /* Frameworks */,
				80C3C47A2CA3ED40004A1D63 /* Resources */,
			);
			buildRules = (
			);
			dependencies = (
			);
			name = HPTrivia;
			productName = HPTrivia;
			productReference = 80C3C47C2CA3ED40004A1D63 /* HPTrivia.app */;
			productType = "com.apple.product-type.application";
		};
/* End PBXNativeTarget section */

/* Begin PBXProject section */
		80C3C4742CA3ED40004A1D63 /* Project object */ = {
			isa = PBXProject;
			attributes = {
				BuildIndependentTargetsInParallel = 1;
				LastSwiftUpdateCheck = 1540;
				LastUpgradeCheck = 1540;
				TargetAttributes = {
					80C3C47B2CA3ED40004A1D63 = {
						CreatedOnToolsVersion = 15.4;
					};
				};
			};
			buildConfigurationList = 80C3C4772CA3ED40004A1D63 /* Build configuration list for PBXProject "HPTrivia" */;
			compatibilityVersion = "Xcode 14.0";
			developmentRegion = en;
			hasScannedForEncodings = 0;
			knownRegions = (
				en,
				Base,
			);
			mainGroup = 80C3C4732CA3ED40004A1D63;
			productRefGroup = 80C3C47D2CA3ED40004A1D63 /* Products */;
			projectDirPath = "";
			projectRoot = "";
			targets = (
				80C3C47B2CA3ED40004A1D63 /* HPTrivia */,
			);
		};
/* End PBXProject section */

/* Begin PBXResourcesBuildPhase section */
		80C3C47A2CA3ED40004A1D63 /* Resources */ = {
			isa = PBXResourcesBuildPhase;
			buildActionMask = 2147483647;
			files = (
				80C3C4962CA3ED50004A1D63 /* deep-in-the-dell.mp3 in Resources */,
				80C3C49E2CA3ED68004A1D63 /* trivia.json in Resources */,
				80C3C4992CA3ED50004A1D63 /* page-flip.mp3 in Resources */,
				80C3C4972CA3ED50004A1D63 /* magic-in-the-air.mp3 in Resources */,
				80C3C49C2CA3ED50004A1D63 /* hiding-place-in-the-forest.mp3 in Resources */,
				80C3C4872CA3ED41004A1D63 /* Preview Assets.xcassets in Resources */,
				80C3C49A2CA3ED50004A1D63 /* magic-wand.mp3 in Resources */,
				80C3C49B2CA3ED50004A1D63 /* let-the-mystery-unfold.mp3 in Resources */,
				80C3C4952CA3ED50004A1D63 /* spellcraft.mp3 in Resources */,
				80C3C4842CA3ED41004A1D63 /* Assets.xcassets in Resources */,
				80C3C4982CA3ED50004A1D63 /* negative-beeps.mp3 in Resources */,
			);
			runOnlyForDeploymentPostprocessing = 0;
		};
/* End PBXResourcesBuildPhase section */

/* Begin PBXSourcesBuildPhase section */
		80C3C4782CA3ED40004A1D63 /* Sources */ = {
			isa = PBXSourcesBuildPhase;
			buildActionMask = 2147483647;
			files = (
				80C3C4AD2CA454BD004A1D63 /* Store.swift in Sources */,
				80C3C4B32CA58447004A1D63 /* Game.swift in Sources */,
				80C3C4B12CA57E1F004A1D63 /* Question.swift in Sources */,
				80C3C4822CA3ED40004A1D63 /* ContentView.swift in Sources */,
				80C3C4A22CA3FF01004A1D63 /* Insructions.swift in Sources */,
				80C3C4802CA3ED40004A1D63 /* HPTriviaApp.swift in Sources */,
				80C3C4A02CA3F22E004A1D63 /* Constants.swift in Sources */,
				80C3C4A42CA4033C004A1D63 /* Settings.swift in Sources */,
				80C3C4A62CA420FD004A1D63 /* GamePlay.swift in Sources */,
			);
			runOnlyForDeploymentPostprocessing = 0;
		};
/* End PBXSourcesBuildPhase section */

/* Begin XCBuildConfiguration section */
		80C3C4882CA3ED41004A1D63 /* Debug */ = {
			isa = XCBuildConfiguration;
			buildSettings = {
				ALWAYS_SEARCH_USER_PATHS = NO;
				ASSETCATALOG_COMPILER_GENERATE_SWIFT_ASSET_SYMBOL_EXTENSIONS = YES;
				CLANG_ANALYZER_NONNULL = YES;
				CLANG_ANALYZER_NUMBER_OBJECT_CONVERSION = YES_AGGRESSIVE;
				CLANG_CXX_LANGUAGE_STANDARD = "gnu++20";
				CLANG_ENABLE_MODULES = YES;
				CLANG_ENABLE_OBJC_ARC = YES;
				CLANG_ENABLE_OBJC_WEAK = YES;
				CLANG_WARN_BLOCK_CAPTURE_AUTORELEASING = YES;
				CLANG_WARN_BOOL_CONVERSION = YES;
				CLANG_WARN_COMMA = YES;
				CLANG_WARN_CONSTANT_CONVERSION = YES;
				CLANG_WARN_DEPRECATED_OBJC_IMPLEMENTATIONS = YES;
				CLANG_WARN_DIRECT_OBJC_ISA_USAGE = YES_ERROR;
				CLANG_WARN_DOCUMENTATION_COMMENTS = YES;
				CLANG_WARN_EMPTY_BODY = YES;
				CLANG_WARN_ENUM_CONVERSION = YES;
				CLANG_WARN_INFINITE_RECURSION = YES;
				CLANG_WARN_INT_CONVERSION = YES;
				CLANG_WARN_NON_LITERAL_NULL_CONVERSION = YES;
				CLANG_WARN_OBJC_IMPLICIT_RETAIN_SELF = YES;
				CLANG_WARN_OBJC_LITERAL_CONVERSION = YES;
				CLANG_WARN_OBJC_ROOT_CLASS = YES_ERROR;
				CLANG_WARN_QUOTED_INCLUDE_IN_FRAMEWORK_HEADER = YES;
				CLANG_WARN_RANGE_LOOP_ANALYSIS = YES;
				CLANG_WARN_STRICT_PROTOTYPES = YES;
				CLANG_WARN_SUSPICIOUS_MOVE = YES;
				CLANG_WARN_UNGUARDED_AVAILABILITY = YES_AGGRESSIVE;
				CLANG_WARN_UNREACHABLE_CODE = YES;
				CLANG_WARN__DUPLICATE_METHOD_MATCH = YES;
				COPY_PHASE_STRIP = NO;
				DEBUG_INFORMATION_FORMAT = dwarf;
				ENABLE_STRICT_OBJC_MSGSEND = YES;
				ENABLE_TESTABILITY = YES;
				ENABLE_USER_SCRIPT_SANDBOXING = YES;
				GCC_C_LANGUAGE_STANDARD = gnu17;
				GCC_DYNAMIC_NO_PIC = NO;
				GCC_NO_COMMON_BLOCKS = YES;
				GCC_OPTIMIZATION_LEVEL = 0;
				GCC_PREPROCESSOR_DEFINITIONS = (
					"DEBUG=1",
					"$(inherited)",
				);
				GCC_WARN_64_TO_32_BIT_CONVERSION = YES;
				GCC_WARN_ABOUT_RETURN_TYPE = YES_ERROR;
				GCC_WARN_UNDECLARED_SELECTOR = YES;
				GCC_WARN_UNINITIALIZED_AUTOS = YES_AGGRESSIVE;
				GCC_WARN_UNUSED_FUNCTION = YES;
				GCC_WARN_UNUSED_VARIABLE = YES;
				IPHONEOS_DEPLOYMENT_TARGET = 17.5;
				LOCALIZATION_PREFERS_STRING_CATALOGS = YES;
				MTL_ENABLE_DEBUG_INFO = INCLUDE_SOURCE;
				MTL_FAST_MATH = YES;
				ONLY_ACTIVE_ARCH = YES;
				SDKROOT = iphoneos;
				SWIFT_ACTIVE_COMPILATION_CONDITIONS = "DEBUG $(inherited)";
				SWIFT_OPTIMIZATION_LEVEL = "-Onone";
			};
			name = Debug;
		};
		80C3C4892CA3ED41004A1D63 /* Release */ = {
			isa = XCBuildConfiguration;
			buildSettings = {
				ALWAYS_SEARCH_USER_PATHS = NO;
				ASSETCATALOG_COMPILER_GENERATE_SWIFT_ASSET_SYMBOL_EXTENSIONS = YES;
				CLANG_ANALYZER_NONNULL = YES;
				CLANG_ANALYZER_NUMBER_OBJECT_CONVERSION = YES_AGGRESSIVE;
				CLANG_CXX_LANGUAGE_STANDARD = "gnu++20";
				CLANG_ENABLE_MODULES = YES;
				CLANG_ENABLE_OBJC_ARC = YES;
				CLANG_ENABLE_OBJC_WEAK = YES;
				CLANG_WARN_BLOCK_CAPTURE_AUTORELEASING = YES;
				CLANG_WARN_BOOL_CONVERSION = YES;
				CLANG_WARN_COMMA = YES;
				CLANG_WARN_CONSTANT_CONVERSION = YES;
				CLANG_WARN_DEPRECATED_OBJC_IMPLEMENTATIONS = YES;
				CLANG_WARN_DIRECT_OBJC_ISA_USAGE = YES_ERROR;
				CLANG_WARN_DOCUMENTATION_COMMENTS = YES;
				CLANG_WARN_EMPTY_BODY = YES;
				CLANG_WARN_ENUM_CONVERSION = YES;
				CLANG_WARN_INFINITE_RECURSION = YES;
				CLANG_WARN_INT_CONVERSION = YES;
				CLANG_WARN_NON_LITERAL_NULL_CONVERSION = YES;
				CLANG_WARN_OBJC_IMPLICIT_RETAIN_SELF = YES;
				CLANG_WARN_OBJC_LITERAL_CONVERSION = YES;
				CLANG_WARN_OBJC_ROOT_CLASS = YES_ERROR;
				CLANG_WARN_QUOTED_INCLUDE_IN_FRAMEWORK_HEADER = YES;
				CLANG_WARN_RANGE_LOOP_ANALYSIS = YES;
				CLANG_WARN_STRICT_PROTOTYPES = YES;
				CLANG_WARN_SUSPICIOUS_MOVE = YES;
				CLANG_WARN_UNGUARDED_AVAILABILITY = YES_AGGRESSIVE;
				CLANG_WARN_UNREACHABLE_CODE = YES;
				CLANG_WARN__DUPLICATE_METHOD_MATCH = YES;
				COPY_PHASE_STRIP = NO;
				DEBUG_INFORMATION_FORMAT = "dwarf-with-dsym";
				ENABLE_NS_ASSERTIONS = NO;
				ENABLE_STRICT_OBJC_MSGSEND = YES;
				ENABLE_USER_SCRIPT_SANDBOXING = YES;
				GCC_C_LANGUAGE_STANDARD = gnu17;
				GCC_NO_COMMON_BLOCKS = YES;
				GCC_WARN_64_TO_32_BIT_CONVERSION = YES;
				GCC_WARN_ABOUT_RETURN_TYPE = YES_ERROR;
				GCC_WARN_UNDECLARED_SELECTOR = YES;
				GCC_WARN_UNINITIALIZED_AUTOS = YES_AGGRESSIVE;
				GCC_WARN_UNUSED_FUNCTION = YES;
				GCC_WARN_UNUSED_VARIABLE = YES;
				IPHONEOS_DEPLOYMENT_TARGET = 17.5;
				LOCALIZATION_PREFERS_STRING_CATALOGS = YES;
				MTL_ENABLE_DEBUG_INFO = NO;
				MTL_FAST_MATH = YES;
				SDKROOT = iphoneos;
				SWIFT_COMPILATION_MODE = wholemodule;
				VALIDATE_PRODUCT = YES;
			};
			name = Release;
		};
		80C3C48B2CA3ED41004A1D63 /* Debug */ = {
			isa = XCBuildConfiguration;
			buildSettings = {
				ASSETCATALOG_COMPILER_APPICON_NAME = AppIcon;
				ASSETCATALOG_COMPILER_GLOBAL_ACCENT_COLOR_NAME = AccentColor;
				CODE_SIGN_STYLE = Automatic;
				CURRENT_PROJECT_VERSION = 1;
				DEVELOPMENT_ASSET_PATHS = "\"HPTrivia/Preview Content\"";
				DEVELOPMENT_TEAM = 3AM9ZHU7VT;
				ENABLE_PREVIEWS = YES;
				GENERATE_INFOPLIST_FILE = YES;
				INFOPLIST_KEY_UIApplicationSceneManifest_Generation = YES;
				INFOPLIST_KEY_UIApplicationSupportsIndirectInputEvents = YES;
				INFOPLIST_KEY_UILaunchScreen_Generation = YES;
				INFOPLIST_KEY_UISupportedInterfaceOrientations_iPad = "UIInterfaceOrientationPortrait UIInterfaceOrientationPortraitUpsideDown UIInterfaceOrientationLandscapeLeft UIInterfaceOrientationLandscapeRight";
				INFOPLIST_KEY_UISupportedInterfaceOrientations_iPhone = "UIInterfaceOrientationPortrait UIInterfaceOrientationLandscapeLeft UIInterfaceOrientationLandscapeRight";
				LD_RUNPATH_SEARCH_PATHS = (
					"$(inherited)",
					"@executable_path/Frameworks",
				);
				MARKETING_VERSION = 1.0;
				PRODUCT_BUNDLE_IDENTIFIER = com.td.HPTrivia;
				PRODUCT_NAME = "$(TARGET_NAME)";
				SWIFT_EMIT_LOC_STRINGS = YES;
				SWIFT_VERSION = 5.0;
				TARGETED_DEVICE_FAMILY = "1,2";
			};
			name = Debug;
		};
		80C3C48C2CA3ED41004A1D63 /* Release */ = {
			isa = XCBuildConfiguration;
			buildSettings = {
				ASSETCATALOG_COMPILER_APPICON_NAME = AppIcon;
				ASSETCATALOG_COMPILER_GLOBAL_ACCENT_COLOR_NAME = AccentColor;
				CODE_SIGN_STYLE = Automatic;
				CURRENT_PROJECT_VERSION = 1;
				DEVELOPMENT_ASSET_PATHS = "\"HPTrivia/Preview Content\"";
				DEVELOPMENT_TEAM = 3AM9ZHU7VT;
				ENABLE_PREVIEWS = YES;
				GENERATE_INFOPLIST_FILE = YES;
				INFOPLIST_KEY_UIApplicationSceneManifest_Generation = YES;
				INFOPLIST_KEY_UIApplicationSupportsIndirectInputEvents = YES;
				INFOPLIST_KEY_UILaunchScreen_Generation = YES;
				INFOPLIST_KEY_UISupportedInterfaceOrientations_iPad = "UIInterfaceOrientationPortrait UIInterfaceOrientationPortraitUpsideDown UIInterfaceOrientationLandscapeLeft UIInterfaceOrientationLandscapeRight";
				INFOPLIST_KEY_UISupportedInterfaceOrientations_iPhone = "UIInterfaceOrientationPortrait UIInterfaceOrientationLandscapeLeft UIInterfaceOrientationLandscapeRight";
				LD_RUNPATH_SEARCH_PATHS = (
					"$(inherited)",
					"@executable_path/Frameworks",
				);
				MARKETING_VERSION = 1.0;
				PRODUCT_BUNDLE_IDENTIFIER = com.td.HPTrivia;
				PRODUCT_NAME = "$(TARGET_NAME)";
				SWIFT_EMIT_LOC_STRINGS = YES;
				SWIFT_VERSION = 5.0;
				TARGETED_DEVICE_FAMILY = "1,2";
			};
			name = Release;
		};
/* End XCBuildConfiguration section */

/* Begin XCConfigurationList section */
		80C3C4772CA3ED40004A1D63 /* Build configuration list for PBXProject "HPTrivia" */ = {
			isa = XCConfigurationList;
			buildConfigurations = (
				80C3C4882CA3ED41004A1D63 /* Debug */,
				80C3C4892CA3ED41004A1D63 /* Release */,
			);
			defaultConfigurationIsVisible = 0;
			defaultConfigurationName = Release;
		};
		80C3C48A2CA3ED41004A1D63 /* Build configuration list for PBXNativeTarget "HPTrivia" */ = {
			isa = XCConfigurationList;
			buildConfigurations = (
				80C3C48B2CA3ED41004A1D63 /* Debug */,
				80C3C48C2CA3ED41004A1D63 /* Release */,
			);
			defaultConfigurationIsVisible = 0;
			defaultConfigurationName = Release;
		};
/* End XCConfigurationList section */
	};
	rootObject = 80C3C4742CA3ED40004A1D63 /* Project object */;
}
